{
  "originHash" : "0ceffba59ab77aa267db9cecde141b515587e2c8bbdc68d4c9af36606b98ebe6",
  "pins" : [
    {
      "identity" : "devicehardware",
      "kind" : "remoteSourceControl",
      "location" : "https://github.com/Shakshi3104/DeviceHardware.git",
      "state" : {
        "revision" : "1a12f5098d387b85e8f9e80a97af242b867b2269",
        "version" : "3.7.1"
      }
    },
    {
      "identity" : "siliconscope",
      "kind" : "remoteSourceControl",
      "location" : "https://github.com/kennss/SiliconScope.git",
      "state" : {
        "revision" : "2184b46f11b983eee44bd34be9eec6cf0cbb4bfa",
        "version" : "4.4.0"
      }
    },
    {
      "identity" : "sparkle",
      "kind" : "remoteSourceControl",
      "location" : "https://github.com/sparkle-project/Sparkle",
      "state" : {
        "revision" : "eef1a539a373c1f1a320624b1130fc5de7b2e100",
        "version" : "2.10.0"
      }
    }
  ],
  "version" : 3
}
